
Microsoft Visual Studio Solution File, Format Version 12.00
# Visual Studio Version 17
VisualStudioVersion = 17.1.32210.238
MinimumVisualStudioVersion = 10.0.40219.1
Project("{FAE04EC0-301F-11D3-BF4B-00C04F79EFBC}") = "Task2", "Task2\Task2.csproj", "{33EAEBCB-A622-481D-B919-8B50E62B1825}"
EndProject
Project("{FAE04EC0-301F-11D3-BF4B-00C04F79EFBC}") = "Task3", "Task3\Task3.csproj", "{16B4D8A3-AE86-423E-8910-11A114C09FA3}"
EndProject
Project("{FAE04EC0-301F-11D3-BF4B-00C04F79EFBC}") = "Task5", "Task5\Task5.csproj", "{C3AD5262-265E-4E70-BA3D-054D3B98E63E}"
EndProject
Global
	GlobalSection(SolutionConfigurationPlatforms) = preSolution
		Debug|Any CPU = Debug|Any CPU
		Release|Any CPU = Release|Any CPU
	EndGlobalSection
	GlobalSection(ProjectConfigurationPlatforms) = postSolution
		{33EAEBCB-A622-481D-B919-8B50E62B1825}.Debug|Any CPU.ActiveCfg = Debug|Any CPU
		{33EAEBCB-A622-481D-B919-8B50E62B1825}.Debug|Any CPU.Build.0 = Debug|Any CPU
		{33EAEBCB-A622-481D-B919-8B50E62B1825}.Release|Any CPU.ActiveCfg = Release|Any CPU
		{33EAEBCB-A622-481D-B919-8B50E62B1825}.Release|Any CPU.Build.0 = Release|Any CPU
		{16B4D8A3-AE86-423E-8910-11A114C09FA3}.Debug|Any CPU.ActiveCfg = Debug|Any CPU
		{16B4D8A3-AE86-423E-8910-11A114C09FA3}.Debug|Any CPU.Build.0 = Debug|Any CPU
		{16B4D8A3-AE86-423E-8910-11A114C09FA3}.Release|Any CPU.ActiveCfg = Release|Any CPU
		{16B4D8A3-AE86-423E-8910-11A114C09FA3}.Release|Any CPU.Build.0 = Release|Any CPU
		{C3AD5262-265E-4E70-BA3D-054D3B98E63E}.Debug|Any CPU.ActiveCfg = Debug|Any CPU
		{C3AD5262-265E-4E70-BA3D-054D3B98E63E}.Debug|Any CPU.Build.0 = Debug|Any CPU
		{C3AD5262-265E-4E70-BA3D-054D3B98E63E}.Release|Any CPU.ActiveCfg = Release|Any CPU
		{C3AD5262-265E-4E70-BA3D-054D3B98E63E}.Release|Any CPU.Build.0 = Release|Any CPU
	EndGlobalSection
	GlobalSection(SolutionProperties) = preSolution
		HideSolutionNode = FALSE
	EndGlobalSection
	GlobalSection(ExtensibilityGlobals) = postSolution
		SolutionGuid = {7442A581-DEB2-44E9-B3C9-BFDC4B2B874A}
	EndGlobalSection
EndGlobal
